
Microsoft Visual Studio Solution File, Format Version 12.00
# Visual Studio 15
VisualStudioVersion = 15.0.28307.1062
MinimumVisualStudioVersion = 10.0.40219.1
Project("{8BC9CEB8-8B4A-11D0-8D11-00A0C91BC942}") = "shotput-tracker", "shotput-tracker.vcxproj", "{CF4B3835-A7D8-4D99-BEED-4609A780F07F}"
EndProject
Project("{2150E333-8FDC-42A3-9474-1A3956D46DE8}") = "Solution Items", "Solution Items", "{B1F59BBA-F0AA-4374-9FF7-CE5EE975D40B}"
	ProjectSection(SolutionItems) = preProject
		Performance1.psess = Performance1.psess
	EndProjectSection
EndProject
Global
	GlobalSection(SolutionConfigurationPlatforms) = preSolution
		Debug|x64 = Debug|x64
		Debug|x86 = Debug|x86
		Release|x64 = Release|x64
		Release|x86 = Release|x86
	EndGlobalSection
	GlobalSection(ProjectConfigurationPlatforms) = postSolution
		{CF4B3835-A7D8-4D99-BEED-4609A780F07F}.Debug|x64.ActiveCfg = Debug|x64
		{CF4B3835-A7D8-4D99-BEED-4609A780F07F}.Debug|x64.Build.0 = Debug|x64
		{CF4B3835-A7D8-4D99-BEED-4609A780F07F}.Debug|x86.ActiveCfg = Debug|Win32
		{CF4B3835-A7D8-4D99-BEED-4609A780F07F}.Debug|x86.Build.0 = Debug|Win32
		{CF4B3835-A7D8-4D99-BEED-4609A780F07F}.Release|x64.ActiveCfg = Release|x64
		{CF4B3835-A7D8-4D99-BEED-4609A780F07F}.Release|x64.Build.0 = Release|x64
		{CF4B3835-A7D8-4D99-BEED-4609A780F07F}.Release|x86.ActiveCfg = Release|Win32
		{CF4B3835-A7D8-4D99-BEED-4609A780F07F}.Release|x86.Build.0 = Release|Win32
	EndGlobalSection
	GlobalSection(SolutionProperties) = preSolution
		HideSolutionNode = FALSE
	EndGlobalSection
	GlobalSection(ExtensibilityGlobals) = postSolution
		SolutionGuid = {9A114EA0-14E5-4C9C-AF94-0914C3B2EDE2}
	EndGlobalSection
	GlobalSection(Performance) = preSolution
		HasPerformanceSessions = true
	EndGlobalSection
	GlobalSection(Performance) = preSolution
		HasPerformanceSessions = true
	EndGlobalSection
EndGlobal
